# This file is automatically @generated by Cargo.
# It is not intended for manual editing.
version = 4

[[package]]
name = "cli-core"
version = "0.1.0"
dependencies = [
 "libreg",
]

[[package]]
name = "libreg"
version = "0.1.0"

[[package]]
name = "reg"
version = "0.1.0"
dependencies = [
 "cli-core",
]

[[package]]
name = "regedit"
version = "0.1.0"
dependencies = [
 "cli-core",
]

[[package]]
name = "winsc"
version = "0.1.0"
dependencies = [
 "cli-core",
]
